<?xml version="1.0" encoding="utf-8"?>
<Project ToolsVersion="4.0" xmlns="http://schemas.microsoft.com/developer/msbuild/2003">
  <ItemGroup>
    <Filter Include="Source Files">
      <UniqueIdentifier>{4FC737F1-C7A5-4376-A066-2A32D752A2FF}</UniqueIdentifier>
      <Extensions>cpp;c;cc;cxx;c++;def;odl;idl;hpj;bat;asm;asmx</Extensions>
    </Filter>
    <Filter Include="Header Files">
      <UniqueIdentifier>{93995380-89BD-4b04-88EB-625FBE52EBFB}</UniqueIdentifier>
      <Extensions>h;hh;hpp;hxx;h++;hm;inl;inc;ipp;xsd</Extensions>
    </Filter>
    <Filter Include="Header Files\eos-sdk">
      <UniqueIdentifier>{562679dd-1154-4bca-8a20-b0a4097e6fa9}</UniqueIdentifier>
    </Filter>
    <Filter Include="Source Files\eos-impl">
      <UniqueIdentifier>{8e512b75-2d4c-4d53-973b-cab6283e9664}</UniqueIdentifier>
    </Filter>
    <Filter Include="Resources">
      <UniqueIdentifier>{5c4dbdd0-0d95-4acf-8f0a-69af10aae464}</UniqueIdentifier>
    </Filter>
  </ItemGroup>
  <ItemGroup>
    <ClInclude Include="src\framework.h">
      <Filter>Header Files</Filter>
    </ClInclude>
    <ClInclude Include="src\pch.h">
      <Filter>Header Files</Filter>
    </ClInclude>
    <ClInclude Include="src\eos-sdk\eos_achievements.h">
      <Filter>Header Files\eos-sdk</Filter>
    </ClInclude>
    <ClInclude Include="src\eos-sdk\eos_achievements_types.h">
      <Filter>Header Files\eos-sdk</Filter>
    </ClInclude>
    <ClInclude Include="src\eos-sdk\eos_auth.h">
      <Filter>Header Files\eos-sdk</Filter>
    </ClInclude>
    <ClInclude Include="src\eos-sdk\eos_auth_types.h">
      <Filter>Header Files\eos-sdk</Filter>
    </ClInclude>
    <ClInclude Include="src\eos-sdk\eos_base.h">
      <Filter>Header Files\eos-sdk</Filter>
    </ClInclude>
    <ClInclude Include="src\eos-sdk\eos_common.h">
      <Filter>Header Files\eos-sdk</Filter>
    </ClInclude>
    <ClInclude Include="src\eos-sdk\eos_connect.h">
      <Filter>Header Files\eos-sdk</Filter>
    </ClInclude>
    <ClInclude Include="src\eos-sdk\eos_connect_types.h">
      <Filter>Header Files\eos-sdk</Filter>
    </ClInclude>
    <ClInclude Include="src\eos-sdk\eos_ecom.h">
      <Filter>Header Files\eos-sdk</Filter>
    </ClInclude>
    <ClInclude Include="src\eos-sdk\eos_ecom_types.h">
      <Filter>Header Files\eos-sdk</Filter>
    </ClInclude>
    <ClInclude Include="src\eos-sdk\eos_friends.h">
      <Filter>Header Files\eos-sdk</Filter>
    </ClInclude>
    <ClInclude Include="src\eos-sdk\eos_friends_types.h">
      <Filter>Header Files\eos-sdk</Filter>
    </ClInclude>
    <ClInclude Include="src\eos-sdk\eos_init.h">
      <Filter>Header Files\eos-sdk</Filter>
    </ClInclude>
    <ClInclude Include="src\eos-sdk\eos_leaderboards.h">
      <Filter>Header Files\eos-sdk</Filter>
    </ClInclude>
    <ClInclude Include="src\eos-sdk\eos_leaderboards_types.h">
      <Filter>Header Files\eos-sdk</Filter>
    </ClInclude>
    <ClInclude Include="src\eos-sdk\eos_lobby.h">
      <Filter>Header Files\eos-sdk</Filter>
    </ClInclude>
    <ClInclude Include="src\eos-sdk\eos_lobby_types.h">
      <Filter>Header Files\eos-sdk</Filter>
    </ClInclude>
    <ClInclude Include="src\eos-sdk\eos_logging.h">
      <Filter>Header Files\eos-sdk</Filter>
    </ClInclude>
    <ClInclude Include="src\eos-sdk\eos_metrics.h">
      <Filter>Header Files\eos-sdk</Filter>
    </ClInclude>
    <ClInclude Include="src\eos-sdk\eos_metrics_types.h">
      <Filter>Header Files\eos-sdk</Filter>
    </ClInclude>
    <ClInclude Include="src\eos-sdk\eos_p2p.h">
      <Filter>Header Files\eos-sdk</Filter>
    </ClInclude>
    <ClInclude Include="src\eos-sdk\eos_p2p_types.h">
      <Filter>Header Files\eos-sdk</Filter>
    </ClInclude>
    <ClInclude Include="src\eos-sdk\eos_playerdatastorage.h">
      <Filter>Header Files\eos-sdk</Filter>
    </ClInclude>
    <ClInclude Include="src\eos-sdk\eos_playerdatastorage_types.h">
      <Filter>Header Files\eos-sdk</Filter>
    </ClInclude>
    <ClInclude Include="src\eos-sdk\eos_presence.h">
      <Filter>Header Files\eos-sdk</Filter>
    </ClInclude>
    <ClInclude Include="src\eos-sdk\eos_presence_types.h">
      <Filter>Header Files\eos-sdk</Filter>
    </ClInclude>
    <ClInclude Include="src\eos-sdk\eos_result.h">
      <Filter>Header Files\eos-sdk</Filter>
    </ClInclude>
    <ClInclude Include="src\eos-sdk\eos_sdk.h">
      <Filter>Header Files\eos-sdk</Filter>
    </ClInclude>
    <ClInclude Include="src\eos-sdk\eos_sessions.h">
      <Filter>Header Files\eos-sdk</Filter>
    </ClInclude>
    <ClInclude Include="src\eos-sdk\eos_sessions_types.h">
      <Filter>Header Files\eos-sdk</Filter>
    </ClInclude>
    <ClInclude Include="src\eos-sdk\eos_stats.h">
      <Filter>Header Files\eos-sdk</Filter>
    </ClInclude>
    <ClInclude Include="src\eos-sdk\eos_stats_types.h">
      <Filter>Header Files\eos-sdk</Filter>
    </ClInclude>
    <ClInclude Include="src\eos-sdk\eos_types.h">
      <Filter>Header Files\eos-sdk</Filter>
    </ClInclude>
    <ClInclude Include="src\eos-sdk\eos_ui.h">
      <Filter>Header Files\eos-sdk</Filter>
    </ClInclude>
    <ClInclude Include="src\eos-sdk\eos_ui_keys.h">
      <Filter>Header Files\eos-sdk</Filter>
    </ClInclude>
    <ClInclude Include="src\eos-sdk\eos_ui_types.h">
      <Filter>Header Files\eos-sdk</Filter>
    </ClInclude>
    <ClInclude Include="src\eos-sdk\eos_userinfo.h">
      <Filter>Header Files\eos-sdk</Filter>
    </ClInclude>
    <ClInclude Include="src\eos-sdk\eos_userinfo_types.h">
      <Filter>Header Files\eos-sdk</Filter>
    </ClInclude>
    <ClInclude Include="src\eos-sdk\eos_version.h">
      <Filter>Header Files\eos-sdk</Filter>
    </ClInclude>
    <ClInclude Include="src\ScreamAPI.h">
      <Filter>Header Files</Filter>
    </ClInclude>
    <ClInclude Include="src\Constants.h">
      <Filter>Header Files</Filter>
    </ClInclude>
    <ClInclude Include="src\LinkerExports32.h">
      <Filter>Header Files</Filter>
    </ClInclude>
    <ClInclude Include="src\LinkerExports64.h">
      <Filter>Header Files</Filter>
    </ClInclude>
    <ClInclude Include="src\LegacyExports64.h">
      <Filter>Header Files</Filter>
    </ClInclude>
    <ClInclude Include="src\LegacyExports32.h">
      <Filter>Header Files</Filter>
    </ClInclude>
    <ClInclude Include="resources\resource.h">
      <Filter>Resources</Filter>
    </ClInclude>
  </ItemGroup>
  <ItemGroup>
    <ClCompile Include="src\pch.cpp">
      <Filter>Source Files</Filter>
    </ClCompile>
    <ClCompile Include="src\dllmain.cpp">
      <Filter>Source Files</Filter>
    </ClCompile>
    <ClCompile Include="src\ScreamAPI.cpp">
      <Filter>Source Files</Filter>
    </ClCompile>
    <ClCompile Include="src\eos-impl\eos_ecom.cpp">
      <Filter>Source Files\eos-impl</Filter>
    </ClCompile>
  </ItemGroup>
  <ItemGroup>
    <None Include="src\eos-sdk\eos_achievements_types_deprecated.inl">
      <Filter>Header Files\eos-sdk</Filter>
    </None>
    <None Include="src\eos-sdk\eos_leaderboards_types_deprecated.inl">
      <Filter>Header Files\eos-sdk</Filter>
    </None>
    <None Include="ScreamAPI.ini">
      <Filter>Resources</Filter>
    </None>
    <None Include="resources\ScreamAPI.props">
      <Filter>Resources</Filter>
    </None>
  </ItemGroup>
  <ItemGroup>
    <ResourceCompile Include="resources\ScreamAPI.rc">
      <Filter>Resources</Filter>
    </ResourceCompile>
  </ItemGroup>
</Project>